
Microsoft Visual Studio Solution File, Format Version 12.00
# Visual Studio 15
VisualStudioVersion = 15.0.27130.2027
MinimumVisualStudioVersion = 10.0.40219.1
Project("{FAE04EC0-301F-11D3-BF4B-00C04F79EFBC}") = "WeatherForecast", "WeatherForecast\WeatherForecast.csproj", "{98D9E1AE-7FEC-43DE-AA2D-DC0C54A7E287}"
EndProject
Project("{FAE04EC0-301F-11D3-BF4B-00C04F79EFBC}") = "DarkSkyAgent", "DarkSkyAgent\DarkSkyAgent.csproj", "{DFA72646-9471-4219-8686-4D31932E5146}"
EndProject
Project("{FAE04EC0-301F-11D3-BF4B-00C04F79EFBC}") = "WeatherForecastInfrastructure", "WeatherForecastInfrastructure\WeatherForecastInfrastructure.csproj", "{CE403C9E-8923-4C6B-99A1-BAEC7EEB1775}"
EndProject
Global
	GlobalSection(SolutionConfigurationPlatforms) = preSolution
		Debug|Any CPU = Debug|Any CPU
		Release|Any CPU = Release|Any CPU
	EndGlobalSection
	GlobalSection(ProjectConfigurationPlatforms) = postSolution
		{98D9E1AE-7FEC-43DE-AA2D-DC0C54A7E287}.Debug|Any CPU.ActiveCfg = Debug|Any CPU
		{98D9E1AE-7FEC-43DE-AA2D-DC0C54A7E287}.Debug|Any CPU.Build.0 = Debug|Any CPU
		{98D9E1AE-7FEC-43DE-AA2D-DC0C54A7E287}.Release|Any CPU.ActiveCfg = Release|Any CPU
		{98D9E1AE-7FEC-43DE-AA2D-DC0C54A7E287}.Release|Any CPU.Build.0 = Release|Any CPU
		{DFA72646-9471-4219-8686-4D31932E5146}.Debug|Any CPU.ActiveCfg = Debug|Any CPU
		{DFA72646-9471-4219-8686-4D31932E5146}.Debug|Any CPU.Build.0 = Debug|Any CPU
		{DFA72646-9471-4219-8686-4D31932E5146}.Release|Any CPU.ActiveCfg = Release|Any CPU
		{DFA72646-9471-4219-8686-4D31932E5146}.Release|Any CPU.Build.0 = Release|Any CPU
		{CE403C9E-8923-4C6B-99A1-BAEC7EEB1775}.Debug|Any CPU.ActiveCfg = Debug|Any CPU
		{CE403C9E-8923-4C6B-99A1-BAEC7EEB1775}.Debug|Any CPU.Build.0 = Debug|Any CPU
		{CE403C9E-8923-4C6B-99A1-BAEC7EEB1775}.Release|Any CPU.ActiveCfg = Release|Any CPU
		{CE403C9E-8923-4C6B-99A1-BAEC7EEB1775}.Release|Any CPU.Build.0 = Release|Any CPU
	EndGlobalSection
	GlobalSection(SolutionProperties) = preSolution
		HideSolutionNode = FALSE
	EndGlobalSection
	GlobalSection(ExtensibilityGlobals) = postSolution
		SolutionGuid = {4A2284FD-BEAA-4A40-A9E4-DFF6A36D7543}
	EndGlobalSection
EndGlobal
